{
  "nodes": {
    "nixpkgs": {
      "locked": {
        "lastModified": 1717608337,
        "narHash": "sha256-pliB8KPAkNe6WIB6LbS5xoiLKgIXg6pUWu8KASiB3JI=",
        "owner": "NixOS",
        "repo": "nixpkgs",
        "rev": "b5130b8f49de96019b4506a49e689b8e97df5249",
        "type": "github"
      },
      "original": {
        "owner": "NixOS",
        "ref": "release-24.05",
        "repo": "nixpkgs",
        "type": "github"
      }
    },
    "root": {
      "inputs": {
        "nixpkgs": "nixpkgs"
      }
    }
  },
  "root": "root",
  "version": 7
}
